// !$*UTF8*$!
{
	archiveVersion = 1;
	classes = {
	};
	objectVersion = 77;
	objects = {

/* Begin PBXBuildFile section */
		035EC21745E58B9EE6B618D0 /* ccdiaryApp.swift in Sources */ = {isa = PBXBuildFile; fileRef = 12C91E785FBE4208A52F6FFD /* ccdiaryApp.swift */; };
		04633843759140C2789EC24D /* Assets.xcassets in Resources */ = {isa = PBXBuildFile; fileRef = 65254769E5A017212B7AA136 /* Assets.xcassets */; };
		048BD43E74CBE3B5B8B68E49 /* DayStatistics.swift in Sources */ = {isa = PBXBuildFile; fileRef = A79C8D61F1E89B74026DEAEF /* DayStatistics.swift */; };
		0D5B52237254158A5E76E685 /* DiaryPromptBuilder.swift in Sources */ = {isa = PBXBuildFile; fileRef = 08A3CC2CA6DC8AE9549ED8F3 /* DiaryPromptBuilder.swift */; };
		0DF828C93170DB1DD77D32FD /* DiaryPromptBuilder.swift in Sources */ = {isa = PBXBuildFile; fileRef = 08A3CC2CA6DC8AE9549ED8F3 /* DiaryPromptBuilder.swift */; };
		1681F692D3D08E377D220946 /* ConversationEntry.swift in Sources */ = {isa = PBXBuildFile; fileRef = 3AC7B38ACACF95127AA188C7 /* ConversationEntry.swift */; };
		16EC8B85A68928E0EDB02884 /* ConversationService.swift in Sources */ = {isa = PBXBuildFile; fileRef = B80865C80BBA01DFE67487C0 /* ConversationService.swift */; };
		2258541C3053ABD29F0600C4 /* GeminiAPIService.swift in Sources */ = {isa = PBXBuildFile; fileRef = 6DDE61B6BB1DBBB3CC3C5EBC /* GeminiAPIService.swift */; };
		25F930B3AE71BA1454BA5434 /* HistoryService.swift in Sources */ = {isa = PBXBuildFile; fileRef = AC529C410166EBA988E87F1A /* HistoryService.swift */; };
		344D0540356E7A602F6A5025 /* DiaryStorage.swift in Sources */ = {isa = PBXBuildFile; fileRef = CB059580E4F63503968B6226 /* DiaryStorage.swift */; };
		3A651B28F7BD7223C3F4CBAE /* DateFormatting.swift in Sources */ = {isa = PBXBuildFile; fileRef = 21034842C08E389FDBC922E1 /* DateFormatting.swift */; };
		4558C982544D971C42D1C5A0 /* ConversationEntry.swift in Sources */ = {isa = PBXBuildFile; fileRef = 3AC7B38ACACF95127AA188C7 /* ConversationEntry.swift */; };
		48C1CC2C5B6DE180F9A0C176 /* DiaryGenerator.swift in Sources */ = {isa = PBXBuildFile; fileRef = 956E0674B4B509031D4646E4 /* DiaryGenerator.swift */; };
		4CC352230B3BF0A812DCA137 /* ClaudeAPIService.swift in Sources */ = {isa = PBXBuildFile; fileRef = 32ACA2EFCB9520BE02EB7104 /* ClaudeAPIService.swift */; };
		520F04D11D99AC0F7E55DF4E /* DiaryEntry.swift in Sources */ = {isa = PBXBuildFile; fileRef = EA4144376F55B7E353430B37 /* DiaryEntry.swift */; };
		5387D02C2DADC017A2AF7467 /* MarkdownWebView.swift in Sources */ = {isa = PBXBuildFile; fileRef = B5314682DE84B5E01CDC701D /* MarkdownWebView.swift */; };
		54732DD090516BFC484F3091 /* icon.json in Resources */ = {isa = PBXBuildFile; fileRef = 0092351C6490D9562450F1CD /* icon.json */; };
		55BF7DC57D6791779110A35C /* AIProvider.swift in Sources */ = {isa = PBXBuildFile; fileRef = 1765D843C6D9F0AE5DFCD223 /* AIProvider.swift */; };
		5989916D038DEF8C6BC844AE /* ActivitySource.swift in Sources */ = {isa = PBXBuildFile; fileRef = 923242AB040C9FC0AF98CD05 /* ActivitySource.swift */; };
		59AD67FB5791FF3A85342F01 /* AggregatorService.swift in Sources */ = {isa = PBXBuildFile; fileRef = A2762306800800B4CDE03B9F /* AggregatorService.swift */; };
		59F04C48829B0403385803DB /* DiaryContent.swift in Sources */ = {isa = PBXBuildFile; fileRef = 75F1DF7FA9BB76C5F9FB7EF9 /* DiaryContent.swift */; };
		601004891BF5F7FA2C70F9EB /* StatisticsCache.swift in Sources */ = {isa = PBXBuildFile; fileRef = 9CEB78DEF12778D1DFFE512E /* StatisticsCache.swift */; };
		60888E68A27C2EECAFC3167A /* StatisticsCache.swift in Sources */ = {isa = PBXBuildFile; fileRef = 9CEB78DEF12778D1DFFE512E /* StatisticsCache.swift */; };
		674E9168D968279161D71FDE /* KeychainHelper.swift in Sources */ = {isa = PBXBuildFile; fileRef = 6F874CA288B7565520139B38 /* KeychainHelper.swift */; };
		6CCA5CBB9AF1FEB1F01EA796 /* HistoryEntry.swift in Sources */ = {isa = PBXBuildFile; fileRef = 35EA6A29F77196959545665E /* HistoryEntry.swift */; };
		6DDBDC818A72F945F3BDAB4A /* DiaryStorage.swift in Sources */ = {isa = PBXBuildFile; fileRef = CB059580E4F63503968B6226 /* DiaryStorage.swift */; };
		761040A472B1AF0222ABD830 /* AIProvider.swift in Sources */ = {isa = PBXBuildFile; fileRef = 1765D843C6D9F0AE5DFCD223 /* AIProvider.swift */; };
		82656DB93712074E76A5E106 /* ProjectActivity.swift in Sources */ = {isa = PBXBuildFile; fileRef = 55A32F36904F26310A769348 /* ProjectActivity.swift */; };
		869A1DF9B699F0E086F2AED6 /* ContentView.swift in Sources */ = {isa = PBXBuildFile; fileRef = 3654FE6C0968B607F0AD8392 /* ContentView.swift */; };
		87D0D20DFF53CAE4E0D5691D /* ProjectActivity.swift in Sources */ = {isa = PBXBuildFile; fileRef = 55A32F36904F26310A769348 /* ProjectActivity.swift */; };
		88319FBC8607A94610E04E04 /* GeminiAPIService.swift in Sources */ = {isa = PBXBuildFile; fileRef = 6DDE61B6BB1DBBB3CC3C5EBC /* GeminiAPIService.swift */; };
		885D4B5465C3392624E665C0 /* CalendarGridView.swift in Sources */ = {isa = PBXBuildFile; fileRef = 2E1A138AA1B5F7927E5C7A6B /* CalendarGridView.swift */; };
		89CC9853306847BD156A1473 /* CursorService.swift in Sources */ = {isa = PBXBuildFile; fileRef = 21275DAA02868F83A96C6CA1 /* CursorService.swift */; };
		8A05078C68903F1A03FCF6B4 /* DayStatistics.swift in Sources */ = {isa = PBXBuildFile; fileRef = A79C8D61F1E89B74026DEAEF /* DayStatistics.swift */; };
		8CD6344B6EA27369B053B0ED /* ConversationService.swift in Sources */ = {isa = PBXBuildFile; fileRef = B80865C80BBA01DFE67487C0 /* ConversationService.swift */; };
		8EDE5E91C6B0A1D57F388698 /* DiaryFormatter.swift in Sources */ = {isa = PBXBuildFile; fileRef = B047BBFC4AE4D61C8545AF99 /* DiaryFormatter.swift */; };
		8EF47B8D543F7D8CC9740BD1 /* KeychainHelper.swift in Sources */ = {isa = PBXBuildFile; fileRef = 6F874CA288B7565520139B38 /* KeychainHelper.swift */; };
		930C13900B3A2FB0083768A5 /* github-markdown.css in Resources */ = {isa = PBXBuildFile; fileRef = 0277523CB7D2CF3BB3738127 /* github-markdown.css */; };
		93D93E6AEE74F32CA7340761 /* appicon_foreground.png in Resources */ = {isa = PBXBuildFile; fileRef = 030B10760AF7D23B95B11BAF /* appicon_foreground.png */; };
		97993339C03807A4DB324175 /* ClaudeCLIService.swift in Sources */ = {isa = PBXBuildFile; fileRef = DF1DE62BF8158AD595EF968E /* ClaudeCLIService.swift */; };
		98A8BCC020D02A7720B32FF0 /* marked.min.js in Resources */ = {isa = PBXBuildFile; fileRef = 4A0EA64395D76BDF7EC0E17D /* marked.min.js */; };
		9BE77B65E44303C753103986 /* CursorHistoryEntry.swift in Sources */ = {isa = PBXBuildFile; fileRef = 8E0275FBB046FF6CAA498451 /* CursorHistoryEntry.swift */; };
		9E46AA2C87CA1B5EE03ADBE6 /* ParseResult.swift in Sources */ = {isa = PBXBuildFile; fileRef = 5326EF996BA55A4E9E5C1900 /* ParseResult.swift */; };
		AF3C23E0D782AB8C06014FAB /* RightPaneView.swift in Sources */ = {isa = PBXBuildFile; fileRef = 5501AA96D3730259DE9F205D /* RightPaneView.swift */; };
		AF60FC549BFA86A65DB2243E /* SettingsView.swift in Sources */ = {isa = PBXBuildFile; fileRef = 05E0C94F1A0978FD8E4EDB41 /* SettingsView.swift */; };
		AFD54A9DBAD67F398B2A1AEE /* CursorHistoryEntry.swift in Sources */ = {isa = PBXBuildFile; fileRef = 8E0275FBB046FF6CAA498451 /* CursorHistoryEntry.swift */; };
		B230955C83CD121FFBCB25E2 /* main.swift in Sources */ = {isa = PBXBuildFile; fileRef = B48213BA8101614F9F69F07D /* main.swift */; };
		B261BA3F54C996D72085BA44 /* ClaudeCLIService.swift in Sources */ = {isa = PBXBuildFile; fileRef = DF1DE62BF8158AD595EF968E /* ClaudeCLIService.swift */; };
		B5A14183BF42D610598BC90A /* CursorService.swift in Sources */ = {isa = PBXBuildFile; fileRef = 21275DAA02868F83A96C6CA1 /* CursorService.swift */; };
		C286AF969FF37FD3C1358308 /* AggregatorService.swift in Sources */ = {isa = PBXBuildFile; fileRef = A2762306800800B4CDE03B9F /* AggregatorService.swift */; };
		C2AC760760BCA92BD8DE74C6 /* DiaryGenerator.swift in Sources */ = {isa = PBXBuildFile; fileRef = 956E0674B4B509031D4646E4 /* DiaryGenerator.swift */; };
		C44F82B69B7A64A7C0D8FCD5 /* DiaryEntry.swift in Sources */ = {isa = PBXBuildFile; fileRef = EA4144376F55B7E353430B37 /* DiaryEntry.swift */; };
		CA4E0D521D0981FAFAE34911 /* ClaudeAPIService.swift in Sources */ = {isa = PBXBuildFile; fileRef = 32ACA2EFCB9520BE02EB7104 /* ClaudeAPIService.swift */; };
		CBDE6BF537D08DE86EBDBB8A /* ParseResult.swift in Sources */ = {isa = PBXBuildFile; fileRef = 5326EF996BA55A4E9E5C1900 /* ParseResult.swift */; };
		CC1FFDD7B082B7CD7A49C7C4 /* HistoryEntry.swift in Sources */ = {isa = PBXBuildFile; fileRef = 35EA6A29F77196959545665E /* HistoryEntry.swift */; };
		CCB045877374E13D1FA05DB3 /* DateFormatting.swift in Sources */ = {isa = PBXBuildFile; fileRef = 21034842C08E389FDBC922E1 /* DateFormatting.swift */; };
		DB4918689EEB4B06833CDA7F /* DiaryFormatter.swift in Sources */ = {isa = PBXBuildFile; fileRef = B047BBFC4AE4D61C8545AF99 /* DiaryFormatter.swift */; };
		E9AC4E561836713ABC7D6222 /* DiaryContent.swift in Sources */ = {isa = PBXBuildFile; fileRef = 75F1DF7FA9BB76C5F9FB7EF9 /* DiaryContent.swift */; };
		ECB4871A268008B39429A1A7 /* ActivitySource.swift in Sources */ = {isa = PBXBuildFile; fileRef = 923242AB040C9FC0AF98CD05 /* ActivitySource.swift */; };
		EEFC7AD5B4D36B6E43B1D528 /* BenchmarkApp.swift in Sources */ = {isa = PBXBuildFile; fileRef = 8FA9552A16CECBEC26B06280 /* BenchmarkApp.swift */; };
		F77F8D4230662FD450ADC62C /* HistoryService.swift in Sources */ = {isa = PBXBuildFile; fileRef = AC529C410166EBA988E87F1A /* HistoryService.swift */; };
/* End PBXBuildFile section */

/* Begin PBXFileReference section */
		0092351C6490D9562450F1CD /* icon.json */ = {isa = PBXFileReference; lastKnownFileType = text.json; path = icon.json; sourceTree = "<group>"; };
		0277523CB7D2CF3BB3738127 /* github-markdown.css */ = {isa = PBXFileReference; lastKnownFileType = text.css; path = "github-markdown.css"; sourceTree = "<group>"; };
		030B10760AF7D23B95B11BAF /* appicon_foreground.png */ = {isa = PBXFileReference; lastKnownFileType = image.png; path = appicon_foreground.png; sourceTree = "<group>"; };
		05E0C94F1A0978FD8E4EDB41 /* SettingsView.swift */ = {isa = PBXFileReference; lastKnownFileType = sourcecode.swift; path = SettingsView.swift; sourceTree = "<group>"; };
		08A3CC2CA6DC8AE9549ED8F3 /* DiaryPromptBuilder.swift */ = {isa = PBXFileReference; lastKnownFileType = sourcecode.swift; path = DiaryPromptBuilder.swift; sourceTree = "<group>"; };
		12C91E785FBE4208A52F6FFD /* ccdiaryApp.swift */ = {isa = PBXFileReference; lastKnownFileType = sourcecode.swift; path = ccdiaryApp.swift; sourceTree = "<group>"; };
		1765D843C6D9F0AE5DFCD223 /* AIProvider.swift */ = {isa = PBXFileReference; lastKnownFileType = sourcecode.swift; path = AIProvider.swift; sourceTree = "<group>"; };
		21034842C08E389FDBC922E1 /* DateFormatting.swift */ = {isa = PBXFileReference; lastKnownFileType = sourcecode.swift; path = DateFormatting.swift; sourceTree = "<group>"; };
		21275DAA02868F83A96C6CA1 /* CursorService.swift */ = {isa = PBXFileReference; lastKnownFileType = sourcecode.swift; path = CursorService.swift; sourceTree = "<group>"; };
		2E1A138AA1B5F7927E5C7A6B /* CalendarGridView.swift */ = {isa = PBXFileReference; lastKnownFileType = sourcecode.swift; path = CalendarGridView.swift; sourceTree = "<group>"; };
		32ACA2EFCB9520BE02EB7104 /* ClaudeAPIService.swift */ = {isa = PBXFileReference; lastKnownFileType = sourcecode.swift; path = ClaudeAPIService.swift; sourceTree = "<group>"; };
		35EA6A29F77196959545665E /* HistoryEntry.swift */ = {isa = PBXFileReference; lastKnownFileType = sourcecode.swift; path = HistoryEntry.swift; sourceTree = "<group>"; };
		3654FE6C0968B607F0AD8392 /* ContentView.swift */ = {isa = PBXFileReference; lastKnownFileType = sourcecode.swift; path = ContentView.swift; sourceTree = "<group>"; };
		3AC7B38ACACF95127AA188C7 /* ConversationEntry.swift */ = {isa = PBXFileReference; lastKnownFileType = sourcecode.swift; path = ConversationEntry.swift; sourceTree = "<group>"; };
		4A0EA64395D76BDF7EC0E17D /* marked.min.js */ = {isa = PBXFileReference; lastKnownFileType = sourcecode.javascript; path = marked.min.js; sourceTree = "<group>"; };
		5326EF996BA55A4E9E5C1900 /* ParseResult.swift */ = {isa = PBXFileReference; lastKnownFileType = sourcecode.swift; path = ParseResult.swift; sourceTree = "<group>"; };
		5501AA96D3730259DE9F205D /* RightPaneView.swift */ = {isa = PBXFileReference; lastKnownFileType = sourcecode.swift; path = RightPaneView.swift; sourceTree = "<group>"; };
		55A32F36904F26310A769348 /* ProjectActivity.swift */ = {isa = PBXFileReference; lastKnownFileType = sourcecode.swift; path = ProjectActivity.swift; sourceTree = "<group>"; };
		65254769E5A017212B7AA136 /* Assets.xcassets */ = {isa = PBXFileReference; lastKnownFileType = folder.assetcatalog; path = Assets.xcassets; sourceTree = "<group>"; };
		6DDE61B6BB1DBBB3CC3C5EBC /* GeminiAPIService.swift */ = {isa = PBXFileReference; lastKnownFileType = sourcecode.swift; path = GeminiAPIService.swift; sourceTree = "<group>"; };
		6F874CA288B7565520139B38 /* KeychainHelper.swift */ = {isa = PBXFileReference; lastKnownFileType = sourcecode.swift; path = KeychainHelper.swift; sourceTree = "<group>"; };
		75D0C95B43EE624E843B8629 /* ccdiary.app */ = {isa = PBXFileReference; explicitFileType = wrapper.application; includeInIndex = 0; path = ccdiary.app; sourceTree = BUILT_PRODUCTS_DIR; };
		75F1DF7FA9BB76C5F9FB7EF9 /* DiaryContent.swift */ = {isa = PBXFileReference; lastKnownFileType = sourcecode.swift; path = DiaryContent.swift; sourceTree = "<group>"; };
		8E0275FBB046FF6CAA498451 /* CursorHistoryEntry.swift */ = {isa = PBXFileReference; lastKnownFileType = sourcecode.swift; path = CursorHistoryEntry.swift; sourceTree = "<group>"; };
		8FA9552A16CECBEC26B06280 /* BenchmarkApp.swift */ = {isa = PBXFileReference; lastKnownFileType = sourcecode.swift; path = BenchmarkApp.swift; sourceTree = "<group>"; };
		923242AB040C9FC0AF98CD05 /* ActivitySource.swift */ = {isa = PBXFileReference; lastKnownFileType = sourcecode.swift; path = ActivitySource.swift; sourceTree = "<group>"; };
		9544C9D6414B2FD59C16B221 /* cursor-test */ = {isa = PBXFileReference; includeInIndex = 0; path = "cursor-test"; sourceTree = BUILT_PRODUCTS_DIR; };
		956E0674B4B509031D4646E4 /* DiaryGenerator.swift */ = {isa = PBXFileReference; lastKnownFileType = sourcecode.swift; path = DiaryGenerator.swift; sourceTree = "<group>"; };
		9CEB78DEF12778D1DFFE512E /* StatisticsCache.swift */ = {isa = PBXFileReference; lastKnownFileType = sourcecode.swift; path = StatisticsCache.swift; sourceTree = "<group>"; };
		A2762306800800B4CDE03B9F /* AggregatorService.swift */ = {isa = PBXFileReference; lastKnownFileType = sourcecode.swift; path = AggregatorService.swift; sourceTree = "<group>"; };
		A79C8D61F1E89B74026DEAEF /* DayStatistics.swift */ = {isa = PBXFileReference; lastKnownFileType = sourcecode.swift; path = DayStatistics.swift; sourceTree = "<group>"; };
		AC529C410166EBA988E87F1A /* HistoryService.swift */ = {isa = PBXFileReference; lastKnownFileType = sourcecode.swift; path = HistoryService.swift; sourceTree = "<group>"; };
		B047BBFC4AE4D61C8545AF99 /* DiaryFormatter.swift */ = {isa = PBXFileReference; lastKnownFileType = sourcecode.swift; path = DiaryFormatter.swift; sourceTree = "<group>"; };
		B48213BA8101614F9F69F07D /* main.swift */ = {isa = PBXFileReference; lastKnownFileType = sourcecode.swift; path = main.swift; sourceTree = "<group>"; };
		B5314682DE84B5E01CDC701D /* MarkdownWebView.swift */ = {isa = PBXFileReference; lastKnownFileType = sourcecode.swift; path = MarkdownWebView.swift; sourceTree = "<group>"; };
		B80865C80BBA01DFE67487C0 /* ConversationService.swift */ = {isa = PBXFileReference; lastKnownFileType = sourcecode.swift; path = ConversationService.swift; sourceTree = "<group>"; };
		CB059580E4F63503968B6226 /* DiaryStorage.swift */ = {isa = PBXFileReference; lastKnownFileType = sourcecode.swift; path = DiaryStorage.swift; sourceTree = "<group>"; };
		DF1DE62BF8158AD595EF968E /* ClaudeCLIService.swift */ = {isa = PBXFileReference; lastKnownFileType = sourcecode.swift; path = ClaudeCLIService.swift; sourceTree = "<group>"; };
		EA4144376F55B7E353430B37 /* DiaryEntry.swift */ = {isa = PBXFileReference; lastKnownFileType = sourcecode.swift; path = DiaryEntry.swift; sourceTree = "<group>"; };
		ECB5EC64051BDF02A4FFD615 /* benchmark */ = {isa = PBXFileReference; includeInIndex = 0; path = benchmark; sourceTree = BUILT_PRODUCTS_DIR; };
		F8399F84D7F53734869B10C2 /* Info.plist */ = {isa = PBXFileReference; lastKnownFileType = text.plist; path = Info.plist; sourceTree = "<group>"; };
/* End PBXFileReference section */

/* Begin PBXGroup section */
		103E6A31EBF8B6E58C37B4C9 /* Models */ = {
			isa = PBXGroup;
			children = (
				923242AB040C9FC0AF98CD05 /* ActivitySource.swift */,
				1765D843C6D9F0AE5DFCD223 /* AIProvider.swift */,
				3AC7B38ACACF95127AA188C7 /* ConversationEntry.swift */,
				8E0275FBB046FF6CAA498451 /* CursorHistoryEntry.swift */,
				A79C8D61F1E89B74026DEAEF /* DayStatistics.swift */,
				75F1DF7FA9BB76C5F9FB7EF9 /* DiaryContent.swift */,
				EA4144376F55B7E353430B37 /* DiaryEntry.swift */,
				35EA6A29F77196959545665E /* HistoryEntry.swift */,
				55A32F36904F26310A769348 /* ProjectActivity.swift */,
			);
			name = Models;
			path = Sources/ccdiary/Models;
			sourceTree = "<group>";
		};
		1123F88980C6D686469EDBCA /* CursorTest */ = {
			isa = PBXGroup;
			children = (
				B48213BA8101614F9F69F07D /* main.swift */,
			);
			name = CursorTest;
			path = Tools/CursorTest;
			sourceTree = "<group>";
		};
		22205EE4E2B99EC86065EE2E /* Benchmark */ = {
			isa = PBXGroup;
			children = (
				8FA9552A16CECBEC26B06280 /* BenchmarkApp.swift */,
			);
			name = Benchmark;
			path = Tools/Benchmark;
			sourceTree = "<group>";
		};
		3F92FBAFDA8886CBFEC20CCB /* AppIcon.icon */ = {
			isa = PBXGroup;
			children = (
				0092351C6490D9562450F1CD /* icon.json */,
				6AF073336A9FD0B3FE8D14CB /* Assets */,
			);
			path = AppIcon.icon;
			sourceTree = "<group>";
		};
		49A4B1167A647F0C9AB62610 = {
			isa = PBXGroup;
			children = (
				22205EE4E2B99EC86065EE2E /* Benchmark */,
				711666ED62D0B55E7474D943 /* ccdiary */,
				1123F88980C6D686469EDBCA /* CursorTest */,
				103E6A31EBF8B6E58C37B4C9 /* Models */,
				B102A16DD8A06641D0DE30AD /* Services */,
				920FD75FD7F6D7AE37F65F90 /* Products */,
			);
			sourceTree = "<group>";
		};
		6AF073336A9FD0B3FE8D14CB /* Assets */ = {
			isa = PBXGroup;
			children = (
				030B10760AF7D23B95B11BAF /* appicon_foreground.png */,
			);
			path = Assets;
			sourceTree = "<group>";
		};
		711666ED62D0B55E7474D943 /* ccdiary */ = {
			isa = PBXGroup;
			children = (
				65254769E5A017212B7AA136 /* Assets.xcassets */,
				12C91E785FBE4208A52F6FFD /* ccdiaryApp.swift */,
				F8399F84D7F53734869B10C2 /* Info.plist */,
				3F92FBAFDA8886CBFEC20CCB /* AppIcon.icon */,
				103E6A31EBF8B6E58C37B4C9 /* Models */,
				D4DB8244F883B9850C7320EB /* Resources */,
				B102A16DD8A06641D0DE30AD /* Services */,
				A0FCC1F5ED1E320470A1D423 /* Views */,
			);
			name = ccdiary;
			path = Sources/ccdiary;
			sourceTree = "<group>";
		};
		920FD75FD7F6D7AE37F65F90 /* Products */ = {
			isa = PBXGroup;
			children = (
				ECB5EC64051BDF02A4FFD615 /* benchmark */,
				75D0C95B43EE624E843B8629 /* ccdiary.app */,
				9544C9D6414B2FD59C16B221 /* cursor-test */,
			);
			name = Products;
			sourceTree = "<group>";
		};
		A0FCC1F5ED1E320470A1D423 /* Views */ = {
			isa = PBXGroup;
			children = (
				2E1A138AA1B5F7927E5C7A6B /* CalendarGridView.swift */,
				3654FE6C0968B607F0AD8392 /* ContentView.swift */,
				B5314682DE84B5E01CDC701D /* MarkdownWebView.swift */,
				5501AA96D3730259DE9F205D /* RightPaneView.swift */,
				05E0C94F1A0978FD8E4EDB41 /* SettingsView.swift */,
			);
			path = Views;
			sourceTree = "<group>";
		};
		B102A16DD8A06641D0DE30AD /* Services */ = {
			isa = PBXGroup;
			children = (
				A2762306800800B4CDE03B9F /* AggregatorService.swift */,
				32ACA2EFCB9520BE02EB7104 /* ClaudeAPIService.swift */,
				DF1DE62BF8158AD595EF968E /* ClaudeCLIService.swift */,
				B80865C80BBA01DFE67487C0 /* ConversationService.swift */,
				21275DAA02868F83A96C6CA1 /* CursorService.swift */,
				21034842C08E389FDBC922E1 /* DateFormatting.swift */,
				B047BBFC4AE4D61C8545AF99 /* DiaryFormatter.swift */,
				956E0674B4B509031D4646E4 /* DiaryGenerator.swift */,
				08A3CC2CA6DC8AE9549ED8F3 /* DiaryPromptBuilder.swift */,
				CB059580E4F63503968B6226 /* DiaryStorage.swift */,
				6DDE61B6BB1DBBB3CC3C5EBC /* GeminiAPIService.swift */,
				AC529C410166EBA988E87F1A /* HistoryService.swift */,
				6F874CA288B7565520139B38 /* KeychainHelper.swift */,
				5326EF996BA55A4E9E5C1900 /* ParseResult.swift */,
				9CEB78DEF12778D1DFFE512E /* StatisticsCache.swift */,
			);
			name = Services;
			path = Sources/ccdiary/Services;
			sourceTree = "<group>";
		};
		D4DB8244F883B9850C7320EB /* Resources */ = {
			isa = PBXGroup;
			children = (
				0277523CB7D2CF3BB3738127 /* github-markdown.css */,
				4A0EA64395D76BDF7EC0E17D /* marked.min.js */,
			);
			path = Resources;
			sourceTree = "<group>";
		};
/* End PBXGroup section */

/* Begin PBXNativeTarget section */
		10DA3080BE5B714CB7C271DD /* cursor-test */ = {
			isa = PBXNativeTarget;
			buildConfigurationList = 9F035550CAEA443CF9ADB87F /* Build configuration list for PBXNativeTarget "cursor-test" */;
			buildPhases = (
				99B992285697692FCC5EC272 /* Sources */,
			);
			buildRules = (
			);
			dependencies = (
			);
			name = "cursor-test";
			packageProductDependencies = (
			);
			productName = "cursor-test";
			productReference = 9544C9D6414B2FD59C16B221 /* cursor-test */;
			productType = "com.apple.product-type.tool";
		};
		6199546EDF1F01F76C1A29B8 /* ccdiary */ = {
			isa = PBXNativeTarget;
			buildConfigurationList = 43050C2F4F6B461E2C908333 /* Build configuration list for PBXNativeTarget "ccdiary" */;
			buildPhases = (
				6E40BBB8BD2DFCDE30306F46 /* Sources */,
				A8BD4CD2457740F53145E4A3 /* Resources */,
			);
			buildRules = (
			);
			dependencies = (
			);
			name = ccdiary;
			packageProductDependencies = (
			);
			productName = ccdiary;
			productReference = 75D0C95B43EE624E843B8629 /* ccdiary.app */;
			productType = "com.apple.product-type.application";
		};
		DC6C740EED8B2B46F1619142 /* benchmark */ = {
			isa = PBXNativeTarget;
			buildConfigurationList = 768342F54BC5F32E159F494F /* Build configuration list for PBXNativeTarget "benchmark" */;
			buildPhases = (
				4B8C6AD7FED0DC30861B87CD /* Sources */,
			);
			buildRules = (
			);
			dependencies = (
			);
			name = benchmark;
			packageProductDependencies = (
			);
			productName = benchmark;
			productReference = ECB5EC64051BDF02A4FFD615 /* benchmark */;
			productType = "com.apple.product-type.tool";
		};
/* End PBXNativeTarget section */

/* Begin PBXProject section */
		7FAFA3DB7F56FB09AECBDFA6 /* Project object */ = {
			isa = PBXProject;
			attributes = {
				BuildIndependentTargetsInParallel = YES;
				LastUpgradeCheck = 1600;
				TargetAttributes = {
					6199546EDF1F01F76C1A29B8 = {
						DevelopmentTeam = G5G54TCH8W;
						ProvisioningStyle = Automatic;
					};
				};
			};
			buildConfigurationList = 711B4D64F575D15CFB090850 /* Build configuration list for PBXProject "ccdiary" */;
			compatibilityVersion = "Xcode 14.0";
			developmentRegion = en;
			hasScannedForEncodings = 0;
			knownRegions = (
				Base,
				en,
			);
			mainGroup = 49A4B1167A647F0C9AB62610;
			minimizedProjectReferenceProxies = 1;
			preferredProjectObjectVersion = 77;
			projectDirPath = "";
			projectRoot = "";
			targets = (
				DC6C740EED8B2B46F1619142 /* benchmark */,
				6199546EDF1F01F76C1A29B8 /* ccdiary */,
				10DA3080BE5B714CB7C271DD /* cursor-test */,
			);
		};
/* End PBXProject section */

/* Begin PBXResourcesBuildPhase section */
		A8BD4CD2457740F53145E4A3 /* Resources */ = {
			isa = PBXResourcesBuildPhase;
			buildActionMask = 2147483647;
			files = (
				04633843759140C2789EC24D /* Assets.xcassets in Resources */,
				93D93E6AEE74F32CA7340761 /* appicon_foreground.png in Resources */,
				930C13900B3A2FB0083768A5 /* github-markdown.css in Resources */,
				54732DD090516BFC484F3091 /* icon.json in Resources */,
				98A8BCC020D02A7720B32FF0 /* marked.min.js in Resources */,
			);
			runOnlyForDeploymentPostprocessing = 0;
		};
/* End PBXResourcesBuildPhase section */

/* Begin PBXSourcesBuildPhase section */
		4B8C6AD7FED0DC30861B87CD /* Sources */ = {
			isa = PBXSourcesBuildPhase;
			buildActionMask = 2147483647;
			files = (
				55BF7DC57D6791779110A35C /* AIProvider.swift in Sources */,
				5989916D038DEF8C6BC844AE /* ActivitySource.swift in Sources */,
				C286AF969FF37FD3C1358308 /* AggregatorService.swift in Sources */,
				EEFC7AD5B4D36B6E43B1D528 /* BenchmarkApp.swift in Sources */,
				4CC352230B3BF0A812DCA137 /* ClaudeAPIService.swift in Sources */,
				97993339C03807A4DB324175 /* ClaudeCLIService.swift in Sources */,
				1681F692D3D08E377D220946 /* ConversationEntry.swift in Sources */,
				8CD6344B6EA27369B053B0ED /* ConversationService.swift in Sources */,
				AFD54A9DBAD67F398B2A1AEE /* CursorHistoryEntry.swift in Sources */,
				89CC9853306847BD156A1473 /* CursorService.swift in Sources */,
				3A651B28F7BD7223C3F4CBAE /* DateFormatting.swift in Sources */,
				8A05078C68903F1A03FCF6B4 /* DayStatistics.swift in Sources */,
				E9AC4E561836713ABC7D6222 /* DiaryContent.swift in Sources */,
				520F04D11D99AC0F7E55DF4E /* DiaryEntry.swift in Sources */,
				DB4918689EEB4B06833CDA7F /* DiaryFormatter.swift in Sources */,
				C2AC760760BCA92BD8DE74C6 /* DiaryGenerator.swift in Sources */,
				0D5B52237254158A5E76E685 /* DiaryPromptBuilder.swift in Sources */,
				6DDBDC818A72F945F3BDAB4A /* DiaryStorage.swift in Sources */,
				88319FBC8607A94610E04E04 /* GeminiAPIService.swift in Sources */,
				CC1FFDD7B082B7CD7A49C7C4 /* HistoryEntry.swift in Sources */,
				25F930B3AE71BA1454BA5434 /* HistoryService.swift in Sources */,
				674E9168D968279161D71FDE /* KeychainHelper.swift in Sources */,
				CBDE6BF537D08DE86EBDBB8A /* ParseResult.swift in Sources */,
				82656DB93712074E76A5E106 /* ProjectActivity.swift in Sources */,
				60888E68A27C2EECAFC3167A /* StatisticsCache.swift in Sources */,
			);
			runOnlyForDeploymentPostprocessing = 0;
		};
		6E40BBB8BD2DFCDE30306F46 /* Sources */ = {
			isa = PBXSourcesBuildPhase;
			buildActionMask = 2147483647;
			files = (
				761040A472B1AF0222ABD830 /* AIProvider.swift in Sources */,
				ECB4871A268008B39429A1A7 /* ActivitySource.swift in Sources */,
				59AD67FB5791FF3A85342F01 /* AggregatorService.swift in Sources */,
				885D4B5465C3392624E665C0 /* CalendarGridView.swift in Sources */,
				CA4E0D521D0981FAFAE34911 /* ClaudeAPIService.swift in Sources */,
				B261BA3F54C996D72085BA44 /* ClaudeCLIService.swift in Sources */,
				869A1DF9B699F0E086F2AED6 /* ContentView.swift in Sources */,
				4558C982544D971C42D1C5A0 /* ConversationEntry.swift in Sources */,
				16EC8B85A68928E0EDB02884 /* ConversationService.swift in Sources */,
				9BE77B65E44303C753103986 /* CursorHistoryEntry.swift in Sources */,
				B5A14183BF42D610598BC90A /* CursorService.swift in Sources */,
				CCB045877374E13D1FA05DB3 /* DateFormatting.swift in Sources */,
				048BD43E74CBE3B5B8B68E49 /* DayStatistics.swift in Sources */,
				59F04C48829B0403385803DB /* DiaryContent.swift in Sources */,
				C44F82B69B7A64A7C0D8FCD5 /* DiaryEntry.swift in Sources */,
				8EDE5E91C6B0A1D57F388698 /* DiaryFormatter.swift in Sources */,
				48C1CC2C5B6DE180F9A0C176 /* DiaryGenerator.swift in Sources */,
				0DF828C93170DB1DD77D32FD /* DiaryPromptBuilder.swift in Sources */,
				344D0540356E7A602F6A5025 /* DiaryStorage.swift in Sources */,
				2258541C3053ABD29F0600C4 /* GeminiAPIService.swift in Sources */,
				6CCA5CBB9AF1FEB1F01EA796 /* HistoryEntry.swift in Sources */,
				F77F8D4230662FD450ADC62C /* HistoryService.swift in Sources */,
				8EF47B8D543F7D8CC9740BD1 /* KeychainHelper.swift in Sources */,
				5387D02C2DADC017A2AF7467 /* MarkdownWebView.swift in Sources */,
				9E46AA2C87CA1B5EE03ADBE6 /* ParseResult.swift in Sources */,
				87D0D20DFF53CAE4E0D5691D /* ProjectActivity.swift in Sources */,
				AF3C23E0D782AB8C06014FAB /* RightPaneView.swift in Sources */,
				AF60FC549BFA86A65DB2243E /* SettingsView.swift in Sources */,
				601004891BF5F7FA2C70F9EB /* StatisticsCache.swift in Sources */,
				035EC21745E58B9EE6B618D0 /* ccdiaryApp.swift in Sources */,
			);
			runOnlyForDeploymentPostprocessing = 0;
		};
		99B992285697692FCC5EC272 /* Sources */ = {
			isa = PBXSourcesBuildPhase;
			buildActionMask = 2147483647;
			files = (
				B230955C83CD121FFBCB25E2 /* main.swift in Sources */,
			);
			runOnlyForDeploymentPostprocessing = 0;
		};
/* End PBXSourcesBuildPhase section */

/* Begin XCBuildConfiguration section */
		04EA8CEE3FC5A861C50A60E1 /* Debug */ = {
			isa = XCBuildConfiguration;
			buildSettings = {
				ASSETCATALOG_COMPILER_APPICON_NAME = AppIcon;
				ASSETCATALOG_COMPILER_INCLUDE_ALL_APPICON_ASSETS = YES;
				CODE_SIGN_STYLE = Automatic;
				COMBINE_HIDPI_IMAGES = YES;
				DEVELOPMENT_TEAM = G5G54TCH8W;
				ENABLE_HARDENED_RUNTIME = YES;
				GENERATE_INFOPLIST_FILE = NO;
				INFOPLIST_FILE = Sources/ccdiary/Info.plist;
				LD_RUNPATH_SEARCH_PATHS = (
					"$(inherited)",
					"@executable_path/../Frameworks",
				);
				PRODUCT_BUNDLE_IDENTIFIER = sh.saqoo.ccdiary;
				PRODUCT_NAME = ccdiary;
				SDKROOT = macosx;
			};
			name = Debug;
		};
		0793FAA041E1F67C215C0BD2 /* Release */ = {
			isa = XCBuildConfiguration;
			buildSettings = {
				COMBINE_HIDPI_IMAGES = YES;
				LD_RUNPATH_SEARCH_PATHS = (
					"$(inherited)",
					"@executable_path/../Frameworks",
				);
				PRODUCT_BUNDLE_IDENTIFIER = "sh.saqoo.cursor-test";
				PRODUCT_MODULE_NAME = CursorTestTool;
				PRODUCT_NAME = "cursor-test";
				SDKROOT = macosx;
			};
			name = Release;
		};
		52ED856D628CD64C5DA38217 /* Release */ = {
			isa = XCBuildConfiguration;
			buildSettings = {
				ASSETCATALOG_COMPILER_APPICON_NAME = AppIcon;
				ASSETCATALOG_COMPILER_INCLUDE_ALL_APPICON_ASSETS = YES;
				CODE_SIGN_STYLE = Automatic;
				COMBINE_HIDPI_IMAGES = YES;
				DEVELOPMENT_TEAM = G5G54TCH8W;
				ENABLE_HARDENED_RUNTIME = YES;
				GENERATE_INFOPLIST_FILE = NO;
				INFOPLIST_FILE = Sources/ccdiary/Info.plist;
				LD_RUNPATH_SEARCH_PATHS = (
					"$(inherited)",
					"@executable_path/../Frameworks",
				);
				PRODUCT_BUNDLE_IDENTIFIER = sh.saqoo.ccdiary;
				PRODUCT_NAME = ccdiary;
				SDKROOT = macosx;
			};
			name = Release;
		};
		5E0DFBBB9618C7FF45C2F7F9 /* Debug */ = {
			isa = XCBuildConfiguration;
			buildSettings = {
				COMBINE_HIDPI_IMAGES = YES;
				LD_RUNPATH_SEARCH_PATHS = (
					"$(inherited)",
					"@executable_path/../Frameworks",
				);
				PRODUCT_BUNDLE_IDENTIFIER = sh.saqoo.benchmark;
				PRODUCT_MODULE_NAME = BenchmarkTool;
				PRODUCT_NAME = benchmark;
				SDKROOT = macosx;
			};
			name = Debug;
		};
		96EC850A0291ECA78F500EDF /* Debug */ = {
			isa = XCBuildConfiguration;
			buildSettings = {
				COMBINE_HIDPI_IMAGES = YES;
				LD_RUNPATH_SEARCH_PATHS = (
					"$(inherited)",
					"@executable_path/../Frameworks",
				);
				PRODUCT_BUNDLE_IDENTIFIER = "sh.saqoo.cursor-test";
				PRODUCT_MODULE_NAME = CursorTestTool;
				PRODUCT_NAME = "cursor-test";
				SDKROOT = macosx;
			};
			name = Debug;
		};
		9F1F16329F450CD1EA92F660 /* Release */ = {
			isa = XCBuildConfiguration;
			buildSettings = {
				ALWAYS_SEARCH_USER_PATHS = NO;
				CLANG_ANALYZER_NONNULL = YES;
				CLANG_ANALYZER_NUMBER_OBJECT_CONVERSION = YES_AGGRESSIVE;
				CLANG_CXX_LANGUAGE_STANDARD = "gnu++14";
				CLANG_CXX_LIBRARY = "libc++";
				CLANG_ENABLE_MODULES = YES;
				CLANG_ENABLE_OBJC_ARC = YES;
				CLANG_ENABLE_OBJC_WEAK = YES;
				CLANG_WARN_BLOCK_CAPTURE_AUTORELEASING = YES;
				CLANG_WARN_BOOL_CONVERSION = YES;
				CLANG_WARN_COMMA = YES;
				CLANG_WARN_CONSTANT_CONVERSION = YES;
				CLANG_WARN_DEPRECATED_OBJC_IMPLEMENTATIONS = YES;
				CLANG_WARN_DIRECT_OBJC_ISA_USAGE = YES_ERROR;
				CLANG_WARN_DOCUMENTATION_COMMENTS = YES;
				CLANG_WARN_EMPTY_BODY = YES;
				CLANG_WARN_ENUM_CONVERSION = YES;
				CLANG_WARN_INFINITE_RECURSION = YES;
				CLANG_WARN_INT_CONVERSION = YES;
				CLANG_WARN_NON_LITERAL_NULL_CONVERSION = YES;
				CLANG_WARN_OBJC_IMPLICIT_RETAIN_SELF = YES;
				CLANG_WARN_OBJC_LITERAL_CONVERSION = YES;
				CLANG_WARN_OBJC_ROOT_CLASS = YES_ERROR;
				CLANG_WARN_QUOTED_INCLUDE_IN_FRAMEWORK_HEADER = YES;
				CLANG_WARN_RANGE_LOOP_ANALYSIS = YES;
				CLANG_WARN_STRICT_PROTOTYPES = YES;
				CLANG_WARN_SUSPICIOUS_MOVE = YES;
				CLANG_WARN_UNGUARDED_AVAILABILITY = YES_AGGRESSIVE;
				CLANG_WARN_UNREACHABLE_CODE = YES;
				CLANG_WARN__DUPLICATE_METHOD_MATCH = YES;
				COPY_PHASE_STRIP = NO;
				CURRENT_PROJECT_VERSION = 2;
				DEBUG_INFORMATION_FORMAT = "dwarf-with-dsym";
				ENABLE_NS_ASSERTIONS = NO;
				ENABLE_STRICT_OBJC_MSGSEND = YES;
				GCC_C_LANGUAGE_STANDARD = gnu11;
				GCC_NO_COMMON_BLOCKS = YES;
				GCC_WARN_64_TO_32_BIT_CONVERSION = YES;
				GCC_WARN_ABOUT_RETURN_TYPE = YES_ERROR;
				GCC_WARN_UNDECLARED_SELECTOR = YES;
				GCC_WARN_UNINITIALIZED_AUTOS = YES_AGGRESSIVE;
				GCC_WARN_UNUSED_FUNCTION = YES;
				GCC_WARN_UNUSED_VARIABLE = YES;
				MACOSX_DEPLOYMENT_TARGET = 14.0;
				MARKETING_VERSION = 1.0.0;
				MTL_ENABLE_DEBUG_INFO = NO;
				MTL_FAST_MATH = YES;
				PRODUCT_NAME = "$(TARGET_NAME)";
				SDKROOT = macosx;
				SWIFT_COMPILATION_MODE = wholemodule;
				SWIFT_OPTIMIZATION_LEVEL = "-O";
				SWIFT_VERSION = 6.0;
			};
			name = Release;
		};
		A92FCB5B78FA6591E7F63A3D /* Release */ = {
			isa = XCBuildConfiguration;
			buildSettings = {
				COMBINE_HIDPI_IMAGES = YES;
				LD_RUNPATH_SEARCH_PATHS = (
					"$(inherited)",
					"@executable_path/../Frameworks",
				);
				PRODUCT_BUNDLE_IDENTIFIER = sh.saqoo.benchmark;
				PRODUCT_MODULE_NAME = BenchmarkTool;
				PRODUCT_NAME = benchmark;
				SDKROOT = macosx;
			};
			name = Release;
		};
		C9236CF184037BBF55B993E7 /* Debug */ = {
			isa = XCBuildConfiguration;
			buildSettings = {
				ALWAYS_SEARCH_USER_PATHS = NO;
				CLANG_ANALYZER_NONNULL = YES;
				CLANG_ANALYZER_NUMBER_OBJECT_CONVERSION = YES_AGGRESSIVE;
				CLANG_CXX_LANGUAGE_STANDARD = "gnu++14";
				CLANG_CXX_LIBRARY = "libc++";
				CLANG_ENABLE_MODULES = YES;
				CLANG_ENABLE_OBJC_ARC = YES;
				CLANG_ENABLE_OBJC_WEAK = YES;
				CLANG_WARN_BLOCK_CAPTURE_AUTORELEASING = YES;
				CLANG_WARN_BOOL_CONVERSION = YES;
				CLANG_WARN_COMMA = YES;
				CLANG_WARN_CONSTANT_CONVERSION = YES;
				CLANG_WARN_DEPRECATED_OBJC_IMPLEMENTATIONS = YES;
				CLANG_WARN_DIRECT_OBJC_ISA_USAGE = YES_ERROR;
				CLANG_WARN_DOCUMENTATION_COMMENTS = YES;
				CLANG_WARN_EMPTY_BODY = YES;
				CLANG_WARN_ENUM_CONVERSION = YES;
				CLANG_WARN_INFINITE_RECURSION = YES;
				CLANG_WARN_INT_CONVERSION = YES;
				CLANG_WARN_NON_LITERAL_NULL_CONVERSION = YES;
				CLANG_WARN_OBJC_IMPLICIT_RETAIN_SELF = YES;
				CLANG_WARN_OBJC_LITERAL_CONVERSION = YES;
				CLANG_WARN_OBJC_ROOT_CLASS = YES_ERROR;
				CLANG_WARN_QUOTED_INCLUDE_IN_FRAMEWORK_HEADER = YES;
				CLANG_WARN_RANGE_LOOP_ANALYSIS = YES;
				CLANG_WARN_STRICT_PROTOTYPES = YES;
				CLANG_WARN_SUSPICIOUS_MOVE = YES;
				CLANG_WARN_UNGUARDED_AVAILABILITY = YES_AGGRESSIVE;
				CLANG_WARN_UNREACHABLE_CODE = YES;
				CLANG_WARN__DUPLICATE_METHOD_MATCH = YES;
				COPY_PHASE_STRIP = NO;
				CURRENT_PROJECT_VERSION = 2;
				DEBUG_INFORMATION_FORMAT = dwarf;
				ENABLE_STRICT_OBJC_MSGSEND = YES;
				ENABLE_TESTABILITY = YES;
				GCC_C_LANGUAGE_STANDARD = gnu11;
				GCC_DYNAMIC_NO_PIC = NO;
				GCC_NO_COMMON_BLOCKS = YES;
				GCC_OPTIMIZATION_LEVEL = 0;
				GCC_PREPROCESSOR_DEFINITIONS = (
					"$(inherited)",
					"DEBUG=1",
				);
				GCC_WARN_64_TO_32_BIT_CONVERSION = YES;
				GCC_WARN_ABOUT_RETURN_TYPE = YES_ERROR;
				GCC_WARN_UNDECLARED_SELECTOR = YES;
				GCC_WARN_UNINITIALIZED_AUTOS = YES_AGGRESSIVE;
				GCC_WARN_UNUSED_FUNCTION = YES;
				GCC_WARN_UNUSED_VARIABLE = YES;
				MACOSX_DEPLOYMENT_TARGET = 14.0;
				MARKETING_VERSION = 1.0.0;
				MTL_ENABLE_DEBUG_INFO = INCLUDE_SOURCE;
				MTL_FAST_MATH = YES;
				ONLY_ACTIVE_ARCH = YES;
				PRODUCT_NAME = "$(TARGET_NAME)";
				SDKROOT = macosx;
				SWIFT_ACTIVE_COMPILATION_CONDITIONS = DEBUG;
				SWIFT_OPTIMIZATION_LEVEL = "-Onone";
				SWIFT_VERSION = 6.0;
			};
			name = Debug;
		};
/* End XCBuildConfiguration section */

/* Begin XCConfigurationList section */
		43050C2F4F6B461E2C908333 /* Build configuration list for PBXNativeTarget "ccdiary" */ = {
			isa = XCConfigurationList;
			buildConfigurations = (
				04EA8CEE3FC5A861C50A60E1 /* Debug */,
				52ED856D628CD64C5DA38217 /* Release */,
			);
			defaultConfigurationIsVisible = 0;
			defaultConfigurationName = Debug;
		};
		711B4D64F575D15CFB090850 /* Build configuration list for PBXProject "ccdiary" */ = {
			isa = XCConfigurationList;
			buildConfigurations = (
				C9236CF184037BBF55B993E7 /* Debug */,
				9F1F16329F450CD1EA92F660 /* Release */,
			);
			defaultConfigurationIsVisible = 0;
			defaultConfigurationName = Debug;
		};
		768342F54BC5F32E159F494F /* Build configuration list for PBXNativeTarget "benchmark" */ = {
			isa = XCConfigurationList;
			buildConfigurations = (
				5E0DFBBB9618C7FF45C2F7F9 /* Debug */,
				A92FCB5B78FA6591E7F63A3D /* Release */,
			);
			defaultConfigurationIsVisible = 0;
			defaultConfigurationName = Debug;
		};
		9F035550CAEA443CF9ADB87F /* Build configuration list for PBXNativeTarget "cursor-test" */ = {
			isa = XCConfigurationList;
			buildConfigurations = (
				96EC850A0291ECA78F500EDF /* Debug */,
				0793FAA041E1F67C215C0BD2 /* Release */,
			);
			defaultConfigurationIsVisible = 0;
			defaultConfigurationName = Debug;
		};
/* End XCConfigurationList section */
	};
	rootObject = 7FAFA3DB7F56FB09AECBDFA6 /* Project object */;
}
